// !$*UTF8*$!
{
	archiveVersion = 1;
	classes = {
	};
	objectVersion = 46;
	objects = {

/* Begin PBXBuildFile section */
		7AC23816EE203C5F78A6E96C /* Pods_MacMetaphysics.framework in Frameworks */ = {isa = PBXBuildFile; fileRef = 194C5CC55A9F50F1DE051178 /* Pods_MacMetaphysics.framework */; };
		8007F4571F85BF2500198017 /* MainViewModel.m in Sources */ = {isa = PBXBuildFile; fileRef = 8007F4561F85BF2500198017 /* MainViewModel.m */; };
		803995331F88825200FABF46 /* TopContentView.m in Sources */ = {isa = PBXBuildFile; fileRef = 803995321F88825200FABF46 /* TopContentView.m */; };
		803995351F88828000FABF46 /* TopContentView.xib in Resources */ = {isa = PBXBuildFile; fileRef = 803995341F88828000FABF46 /* TopContentView.xib */; };
		8057E8EA1F837AB6003DF83E /* main.m in Sources */ = {isa = PBXBuildFile; fileRef = 8057E8E91F837AB6003DF83E /* main.m */; };
		8057E8EF1F837AB6003DF83E /* Assets.xcassets in Resources */ = {isa = PBXBuildFile; fileRef = 8057E8EE1F837AB6003DF83E /* Assets.xcassets */; };
		8057E8F21F837AB6003DF83E /* Main.storyboard in Resources */ = {isa = PBXBuildFile; fileRef = 8057E8F01F837AB6003DF83E /* Main.storyboard */; };
		8057E8FD1F837AB6003DF83E /* MacMetaphysicsTests.m in Sources */ = {isa = PBXBuildFile; fileRef = 8057E8FC1F837AB6003DF83E /* MacMetaphysicsTests.m */; };
		8090BF881F8E6D6F00F0EB80 /* TopContentViewController.m in Sources */ = {isa = PBXBuildFile; fileRef = 8090BF861F8E6D6F00F0EB80 /* TopContentViewController.m */; };
		8090BF891F8E6D6F00F0EB80 /* TopContentViewController.xib in Resources */ = {isa = PBXBuildFile; fileRef = 8090BF871F8E6D6F00F0EB80 /* TopContentViewController.xib */; };
		809896B01F852E51008ECA77 /* AppDelegate.m in Sources */ = {isa = PBXBuildFile; fileRef = 809896AB1F852E50008ECA77 /* AppDelegate.m */; };
		809896B41F852F37008ECA77 /* MainWindowViewController.m in Sources */ = {isa = PBXBuildFile; fileRef = 809896B21F852F37008ECA77 /* MainWindowViewController.m */; };
		809896B51F852F37008ECA77 /* MainWindowViewController.xib in Resources */ = {isa = PBXBuildFile; fileRef = 809896B31F852F37008ECA77 /* MainWindowViewController.xib */; };
		809896B91F852F64008ECA77 /* MainViewController.m in Sources */ = {isa = PBXBuildFile; fileRef = 809896B71F852F64008ECA77 /* MainViewController.m */; };
		809896BA1F852F64008ECA77 /* MainViewController.xib in Resources */ = {isa = PBXBuildFile; fileRef = 809896B81F852F64008ECA77 /* MainViewController.xib */; };
		809896C11F853474008ECA77 /* BasicViewController.m in Sources */ = {isa = PBXBuildFile; fileRef = 809896BF1F853474008ECA77 /* BasicViewController.m */; };
		809896C51F853495008ECA77 /* BasicViewModel.m in Sources */ = {isa = PBXBuildFile; fileRef = 809896C41F853495008ECA77 /* BasicViewModel.m */; };
		80B084121F8641D700449443 /* MainViewController+CollectionView.m in Sources */ = {isa = PBXBuildFile; fileRef = 80B084111F8641D700449443 /* MainViewController+CollectionView.m */; };
		80B084171F86817200449443 /* LeftCollectionViewCell.m in Sources */ = {isa = PBXBuildFile; fileRef = 80B084151F86817200449443 /* LeftCollectionViewCell.m */; };
		80B084181F86817200449443 /* LeftCollectionViewCell.xib in Resources */ = {isa = PBXBuildFile; fileRef = 80B084161F86817200449443 /* LeftCollectionViewCell.xib */; };
		80FA9D2C1F87816A0027B67A /* MainViewModel+LeftMenu.m in Sources */ = {isa = PBXBuildFile; fileRef = 80FA9D2B1F87816A0027B67A /* MainViewModel+LeftMenu.m */; };
/* End PBXBuildFile section */

/* Begin PBXContainerItemProxy section */
		8057E8F91F837AB6003DF83E /* PBXContainerItemProxy */ = {
			isa = PBXContainerItemProxy;
			containerPortal = 8057E8DA1F837AB6003DF83E /* Project object */;
			proxyType = 1;
			remoteGlobalIDString = 8057E8E11F837AB6003DF83E;
			remoteInfo = MacMetaphysics;
		};
/* End PBXContainerItemProxy section */

/* Begin PBXFileReference section */
		194C5CC55A9F50F1DE051178 /* Pods_MacMetaphysics.framework */ = {isa = PBXFileReference; explicitFileType = wrapper.framework; includeInIndex = 0; path = Pods_MacMetaphysics.framework; sourceTree = BUILT_PRODUCTS_DIR; };
		210F757C243FFA089308FD41 /* Pods-MacMetaphysics.release.xcconfig */ = {isa = PBXFileReference; includeInIndex = 1; lastKnownFileType = text.xcconfig; name = "Pods-MacMetaphysics.release.xcconfig"; path = "Pods/Target Support Files/Pods-MacMetaphysics/Pods-MacMetaphysics.release.xcconfig"; sourceTree = "<group>"; };
		8007F4551F85BF2500198017 /* MainViewModel.h */ = {isa = PBXFileReference; lastKnownFileType = sourcecode.c.h; path = MainViewModel.h; sourceTree = "<group>"; };
		8007F4561F85BF2500198017 /* MainViewModel.m */ = {isa = PBXFileReference; lastKnownFileType = sourcecode.c.objc; path = MainViewModel.m; sourceTree = "<group>"; };
		8007F46C1F85CA1300198017 /* UIConstantParameter.h */ = {isa = PBXFileReference; lastKnownFileType = sourcecode.c.h; path = UIConstantParameter.h; sourceTree = "<group>"; };
		8007F46D1F85D1DF00198017 /* PrefixHeader.pch */ = {isa = PBXFileReference; lastKnownFileType = sourcecode.c.h; path = PrefixHeader.pch; sourceTree = "<group>"; };
		803995311F88825200FABF46 /* TopContentView.h */ = {isa = PBXFileReference; lastKnownFileType = sourcecode.c.h; path = TopContentView.h; sourceTree = "<group>"; };
		803995321F88825200FABF46 /* TopContentView.m */ = {isa = PBXFileReference; lastKnownFileType = sourcecode.c.objc; path = TopContentView.m; sourceTree = "<group>"; };
		803995341F88828000FABF46 /* TopContentView.xib */ = {isa = PBXFileReference; lastKnownFileType = file.xib; path = TopContentView.xib; sourceTree = "<group>"; };
		8057E8E21F837AB6003DF83E /* MacMetaphysics.app */ = {isa = PBXFileReference; explicitFileType = wrapper.application; includeInIndex = 0; path = MacMetaphysics.app; sourceTree = BUILT_PRODUCTS_DIR; };
		8057E8E91F837AB6003DF83E /* main.m */ = {isa = PBXFileReference; lastKnownFileType = sourcecode.c.objc; path = main.m; sourceTree = "<group>"; };
		8057E8EE1F837AB6003DF83E /* Assets.xcassets */ = {isa = PBXFileReference; lastKnownFileType = folder.assetcatalog; path = Assets.xcassets; sourceTree = "<group>"; };
		8057E8F11F837AB6003DF83E /* Base */ = {isa = PBXFileReference; lastKnownFileType = file.storyboard; name = Base; path = Base.lproj/Main.storyboard; sourceTree = "<group>"; };
		8057E8F31F837AB6003DF83E /* Info.plist */ = {isa = PBXFileReference; lastKnownFileType = text.plist.xml; path = Info.plist; sourceTree = "<group>"; };
		8057E8F81F837AB6003DF83E /* MacMetaphysicsTests.xctest */ = {isa = PBXFileReference; explicitFileType = wrapper.cfbundle; includeInIndex = 0; path = MacMetaphysicsTests.xctest; sourceTree = BUILT_PRODUCTS_DIR; };
		8057E8FC1F837AB6003DF83E /* MacMetaphysicsTests.m */ = {isa = PBXFileReference; lastKnownFileType = sourcecode.c.objc; path = MacMetaphysicsTests.m; sourceTree = "<group>"; };
		8057E8FE1F837AB6003DF83E /* Info.plist */ = {isa = PBXFileReference; lastKnownFileType = text.plist.xml; path = Info.plist; sourceTree = "<group>"; };
		8090BF851F8E6D6F00F0EB80 /* TopContentViewController.h */ = {isa = PBXFileReference; lastKnownFileType = sourcecode.c.h; path = TopContentViewController.h; sourceTree = "<group>"; };
		8090BF861F8E6D6F00F0EB80 /* TopContentViewController.m */ = {isa = PBXFileReference; lastKnownFileType = sourcecode.c.objc; path = TopContentViewController.m; sourceTree = "<group>"; };
		8090BF871F8E6D6F00F0EB80 /* TopContentViewController.xib */ = {isa = PBXFileReference; lastKnownFileType = file.xib; path = TopContentViewController.xib; sourceTree = "<group>"; };
		809896AA1F852E50008ECA77 /* AppDelegate.h */ = {isa = PBXFileReference; fileEncoding = 4; lastKnownFileType = sourcecode.c.h; path = AppDelegate.h; sourceTree = "<group>"; };
		809896AB1F852E50008ECA77 /* AppDelegate.m */ = {isa = PBXFileReference; fileEncoding = 4; lastKnownFileType = sourcecode.c.objc; path = AppDelegate.m; sourceTree = "<group>"; };
		809896B11F852F37008ECA77 /* MainWindowViewController.h */ = {isa = PBXFileReference; lastKnownFileType = sourcecode.c.h; path = MainWindowViewController.h; sourceTree = "<group>"; };
		809896B21F852F37008ECA77 /* MainWindowViewController.m */ = {isa = PBXFileReference; lastKnownFileType = sourcecode.c.objc; path = MainWindowViewController.m; sourceTree = "<group>"; };
		809896B31F852F37008ECA77 /* MainWindowViewController.xib */ = {isa = PBXFileReference; lastKnownFileType = file.xib; path = MainWindowViewController.xib; sourceTree = "<group>"; };
		809896B61F852F64008ECA77 /* MainViewController.h */ = {isa = PBXFileReference; lastKnownFileType = sourcecode.c.h; path = MainViewController.h; sourceTree = "<group>"; };
		809896B71F852F64008ECA77 /* MainViewController.m */ = {isa = PBXFileReference; lastKnownFileType = sourcecode.c.objc; path = MainViewController.m; sourceTree = "<group>"; };
		809896B81F852F64008ECA77 /* MainViewController.xib */ = {isa = PBXFileReference; lastKnownFileType = file.xib; path = MainViewController.xib; sourceTree = "<group>"; };
		809896BE1F853474008ECA77 /* BasicViewController.h */ = {isa = PBXFileReference; lastKnownFileType = sourcecode.c.h; path = BasicViewController.h; sourceTree = "<group>"; };
		809896BF1F853474008ECA77 /* BasicViewController.m */ = {isa = PBXFileReference; lastKnownFileType = sourcecode.c.objc; path = BasicViewController.m; sourceTree = "<group>"; };
		809896C31F853495008ECA77 /* BasicViewModel.h */ = {isa = PBXFileReference; lastKnownFileType = sourcecode.c.h; path = BasicViewModel.h; sourceTree = "<group>"; };
		809896C41F853495008ECA77 /* BasicViewModel.m */ = {isa = PBXFileReference; lastKnownFileType = sourcecode.c.objc; path = BasicViewModel.m; sourceTree = "<group>"; };
		80B084101F8641D700449443 /* MainViewController+CollectionView.h */ = {isa = PBXFileReference; lastKnownFileType = sourcecode.c.h; path = "MainViewController+CollectionView.h"; sourceTree = "<group>"; };
		80B084111F8641D700449443 /* MainViewController+CollectionView.m */ = {isa = PBXFileReference; lastKnownFileType = sourcecode.c.objc; path = "MainViewController+CollectionView.m"; sourceTree = "<group>"; };
		80B084141F86817200449443 /* LeftCollectionViewCell.h */ = {isa = PBXFileReference; lastKnownFileType = sourcecode.c.h; path = LeftCollectionViewCell.h; sourceTree = "<group>"; };
		80B084151F86817200449443 /* LeftCollectionViewCell.m */ = {isa = PBXFileReference; lastKnownFileType = sourcecode.c.objc; path = LeftCollectionViewCell.m; sourceTree = "<group>"; };
		80B084161F86817200449443 /* LeftCollectionViewCell.xib */ = {isa = PBXFileReference; lastKnownFileType = file.xib; path = LeftCollectionViewCell.xib; sourceTree = "<group>"; };
		80FA9D2A1F87816A0027B67A /* MainViewModel+LeftMenu.h */ = {isa = PBXFileReference; lastKnownFileType = sourcecode.c.h; path = "MainViewModel+LeftMenu.h"; sourceTree = "<group>"; };
		80FA9D2B1F87816A0027B67A /* MainViewModel+LeftMenu.m */ = {isa = PBXFileReference; lastKnownFileType = sourcecode.c.objc; path = "MainViewModel+LeftMenu.m"; sourceTree = "<group>"; };
		9B3071BE0CEAC92C92C5AA33 /* Pods-MacMetaphysics.debug.xcconfig */ = {isa = PBXFileReference; includeInIndex = 1; lastKnownFileType = text.xcconfig; name = "Pods-MacMetaphysics.debug.xcconfig"; path = "Pods/Target Support Files/Pods-MacMetaphysics/Pods-MacMetaphysics.debug.xcconfig"; sourceTree = "<group>"; };
/* End PBXFileReference section */

/* Begin PBXFrameworksBuildPhase section */
		8057E8DF1F837AB6003DF83E /* Frameworks */ = {
			isa = PBXFrameworksBuildPhase;
			buildActionMask = 2147483647;
			files = (
				7AC23816EE203C5F78A6E96C /* Pods_MacMetaphysics.framework in Frameworks */,
			);
			runOnlyForDeploymentPostprocessing = 0;
		};
		8057E8F51F837AB6003DF83E /* Frameworks */ = {
			isa = PBXFrameworksBuildPhase;
			buildActionMask = 2147483647;
			files = (
			);
			runOnlyForDeploymentPostprocessing = 0;
		};
/* End PBXFrameworksBuildPhase section */

/* Begin PBXGroup section */
		164FAC7E07E8371ACA2D65CC /* Frameworks */ = {
			isa = PBXGroup;
			children = (
				194C5CC55A9F50F1DE051178 /* Pods_MacMetaphysics.framework */,
			);
			name = Frameworks;
			sourceTree = "<group>";
		};
		41D45C1B2443E838A5DF2795 /* Pods */ = {
			isa = PBXGroup;
			children = (
				9B3071BE0CEAC92C92C5AA33 /* Pods-MacMetaphysics.debug.xcconfig */,
				210F757C243FFA089308FD41 /* Pods-MacMetaphysics.release.xcconfig */,
			);
			name = Pods;
			sourceTree = "<group>";
		};
		8007F4541F85BF0100198017 /* MainViewModel */ = {
			isa = PBXGroup;
			children = (
				8007F4551F85BF2500198017 /* MainViewModel.h */,
				8007F4561F85BF2500198017 /* MainViewModel.m */,
				80FA9D2A1F87816A0027B67A /* MainViewModel+LeftMenu.h */,
				80FA9D2B1F87816A0027B67A /* MainViewModel+LeftMenu.m */,
			);
			path = MainViewModel;
			sourceTree = "<group>";
		};
		8007F4581F85C01500198017 /* Left */ = {
			isa = PBXGroup;
			children = (
				8007F45D1F85C2EF00198017 /* LeftSideMenu */,
			);
			path = Left;
			sourceTree = "<group>";
		};
		8007F45D1F85C2EF00198017 /* LeftSideMenu */ = {
			isa = PBXGroup;
			children = (
				80B084131F86810300449443 /* LeftCollectionViewCell */,
			);
			path = LeftSideMenu;
			sourceTree = "<group>";
		};
		8007F46B1F85CA0300198017 /* Constant */ = {
			isa = PBXGroup;
			children = (
				8007F46C1F85CA1300198017 /* UIConstantParameter.h */,
			);
			path = Constant;
			sourceTree = "<group>";
		};
		803995301F88823400FABF46 /* Top */ = {
			isa = PBXGroup;
			children = (
				803995311F88825200FABF46 /* TopContentView.h */,
				803995321F88825200FABF46 /* TopContentView.m */,
				803995341F88828000FABF46 /* TopContentView.xib */,
				8090BF851F8E6D6F00F0EB80 /* TopContentViewController.h */,
				8090BF861F8E6D6F00F0EB80 /* TopContentViewController.m */,
				8090BF871F8E6D6F00F0EB80 /* TopContentViewController.xib */,
			);
			path = Top;
			sourceTree = "<group>";
		};
		8057E8D91F837AB6003DF83E = {
			isa = PBXGroup;
			children = (
				8057E8E41F837AB6003DF83E /* MacMetaphysics */,
				8057E8FB1F837AB6003DF83E /* MacMetaphysicsTests */,
				8057E8E31F837AB6003DF83E /* Products */,
				41D45C1B2443E838A5DF2795 /* Pods */,
				164FAC7E07E8371ACA2D65CC /* Frameworks */,
			);
			sourceTree = "<group>";
		};
		8057E8E31F837AB6003DF83E /* Products */ = {
			isa = PBXGroup;
			children = (
				8057E8E21F837AB6003DF83E /* MacMetaphysics.app */,
				8057E8F81F837AB6003DF83E /* MacMetaphysicsTests.xctest */,
			);
			name = Products;
			sourceTree = "<group>";
		};
		8057E8E41F837AB6003DF83E /* MacMetaphysics */ = {
			isa = PBXGroup;
			children = (
				809896A91F852E50008ECA77 /* AppDelegate */,
				809896AC1F852E50008ECA77 /* UI */,
				8057E8EE1F837AB6003DF83E /* Assets.xcassets */,
				8057E8F01F837AB6003DF83E /* Main.storyboard */,
				8057E8F31F837AB6003DF83E /* Info.plist */,
				8057E8E81F837AB6003DF83E /* Supporting Files */,
				8007F46D1F85D1DF00198017 /* PrefixHeader.pch */,
			);
			path = MacMetaphysics;
			sourceTree = "<group>";
		};
		8057E8E81F837AB6003DF83E /* Supporting Files */ = {
			isa = PBXGroup;
			children = (
				8057E8E91F837AB6003DF83E /* main.m */,
			);
			name = "Supporting Files";
			sourceTree = "<group>";
		};
		8057E8FB1F837AB6003DF83E /* MacMetaphysicsTests */ = {
			isa = PBXGroup;
			children = (
				8057E8FC1F837AB6003DF83E /* MacMetaphysicsTests.m */,
				8057E8FE1F837AB6003DF83E /* Info.plist */,
			);
			path = MacMetaphysicsTests;
			sourceTree = "<group>";
		};
		809896A91F852E50008ECA77 /* AppDelegate */ = {
			isa = PBXGroup;
			children = (
				809896AA1F852E50008ECA77 /* AppDelegate.h */,
				809896AB1F852E50008ECA77 /* AppDelegate.m */,
			);
			path = AppDelegate;
			sourceTree = "<group>";
		};
		809896AC1F852E50008ECA77 /* UI */ = {
			isa = PBXGroup;
			children = (
				803995301F88823400FABF46 /* Top */,
				8007F46B1F85CA0300198017 /* Constant */,
				8007F4581F85C01500198017 /* Left */,
				809896BB1F853405008ECA77 /* UIBasic */,
				809896AD1F852E50008ECA77 /* Main */,
			);
			path = UI;
			sourceTree = "<group>";
		};
		809896AD1F852E50008ECA77 /* Main */ = {
			isa = PBXGroup;
			children = (
				8007F4541F85BF0100198017 /* MainViewModel */,
				809896AE1F852E50008ECA77 /* MainViewController */,
				809896AF1F852E50008ECA77 /* MainWindowViewController */,
			);
			path = Main;
			sourceTree = "<group>";
		};
		809896AE1F852E50008ECA77 /* MainViewController */ = {
			isa = PBXGroup;
			children = (
				809896B61F852F64008ECA77 /* MainViewController.h */,
				809896B71F852F64008ECA77 /* MainViewController.m */,
				809896B81F852F64008ECA77 /* MainViewController.xib */,
				80B084101F8641D700449443 /* MainViewController+CollectionView.h */,
				80B084111F8641D700449443 /* MainViewController+CollectionView.m */,
			);
			path = MainViewController;
			sourceTree = "<group>";
		};
		809896AF1F852E50008ECA77 /* MainWindowViewController */ = {
			isa = PBXGroup;
			children = (
				809896B11F852F37008ECA77 /* MainWindowViewController.h */,
				809896B21F852F37008ECA77 /* MainWindowViewController.m */,
				809896B31F852F37008ECA77 /* MainWindowViewController.xib */,
			);
			path = MainWindowViewController;
			sourceTree = "<group>";
		};
		809896BB1F853405008ECA77 /* UIBasic */ = {
			isa = PBXGroup;
			children = (
				809896BD1F85342A008ECA77 /* BasicViewController */,
				809896BC1F85342A008ECA77 /* BasicViewModel */,
			);
			path = UIBasic;
			sourceTree = "<group>";
		};
		809896BC1F85342A008ECA77 /* BasicViewModel */ = {
			isa = PBXGroup;
			children = (
				809896C31F853495008ECA77 /* BasicViewModel.h */,
				809896C41F853495008ECA77 /* BasicViewModel.m */,
			);
			path = BasicViewModel;
			sourceTree = "<group>";
		};
		809896BD1F85342A008ECA77 /* BasicViewController */ = {
			isa = PBXGroup;
			children = (
				809896BE1F853474008ECA77 /* BasicViewController.h */,
				809896BF1F853474008ECA77 /* BasicViewController.m */,
			);
			path = BasicViewController;
			sourceTree = "<group>";
		};
		80B084131F86810300449443 /* LeftCollectionViewCell */ = {
			isa = PBXGroup;
			children = (
				80B084141F86817200449443 /* LeftCollectionViewCell.h */,
				80B084151F86817200449443 /* LeftCollectionViewCell.m */,
				80B084161F86817200449443 /* LeftCollectionViewCell.xib */,
			);
			path = LeftCollectionViewCell;
			sourceTree = "<group>";
		};
/* End PBXGroup section */

/* Begin PBXNativeTarget section */
		8057E8E11F837AB6003DF83E /* MacMetaphysics */ = {
			isa = PBXNativeTarget;
			buildConfigurationList = 8057E9011F837AB6003DF83E /* Build configuration list for PBXNativeTarget "MacMetaphysics" */;
			buildPhases = (
				0A8E36ADDA4344702995C333 /* [CP] Check Pods Manifest.lock */,
				8057E8DE1F837AB6003DF83E /* Sources */,
				8057E8DF1F837AB6003DF83E /* Frameworks */,
				8057E8E01F837AB6003DF83E /* Resources */,
				D41B3ADB37FDE2930FFB0DFB /* [CP] Embed Pods Frameworks */,
				D71C13D557E60F8DC8CB656A /* [CP] Copy Pods Resources */,
			);
			buildRules = (
			);
			dependencies = (
			);
			name = MacMetaphysics;
			productName = MacMetaphysics;
			productReference = 8057E8E21F837AB6003DF83E /* MacMetaphysics.app */;
			productType = "com.apple.product-type.application";
		};
		8057E8F71F837AB6003DF83E /* MacMetaphysicsTests */ = {
			isa = PBXNativeTarget;
			buildConfigurationList = 8057E9041F837AB6003DF83E /* Build configuration list for PBXNativeTarget "MacMetaphysicsTests" */;
			buildPhases = (
				8057E8F41F837AB6003DF83E /* Sources */,
				8057E8F51F837AB6003DF83E /* Frameworks */,
				8057E8F61F837AB6003DF83E /* Resources */,
			);
			buildRules = (
			);
			dependencies = (
				8057E8FA1F837AB6003DF83E /* PBXTargetDependency */,
			);
			name = MacMetaphysicsTests;
			productName = MacMetaphysicsTests;
			productReference = 8057E8F81F837AB6003DF83E /* MacMetaphysicsTests.xctest */;
			productType = "com.apple.product-type.bundle.unit-test";
		};
/* End PBXNativeTarget section */

/* Begin PBXProject section */
		8057E8DA1F837AB6003DF83E /* Project object */ = {
			isa = PBXProject;
			attributes = {
				LastUpgradeCheck = 0830;
				ORGANIZATIONNAME = "毕志锋";
				TargetAttributes = {
					8057E8E11F837AB6003DF83E = {
						CreatedOnToolsVersion = 8.3.3;
						DevelopmentTeam = 4ZFX22UBQA;
						ProvisioningStyle = Automatic;
					};
					8057E8F71F837AB6003DF83E = {
						CreatedOnToolsVersion = 8.3.3;
						DevelopmentTeam = 4ZFX22UBQA;
						ProvisioningStyle = Automatic;
						TestTargetID = 8057E8E11F837AB6003DF83E;
					};
				};
			};
			buildConfigurationList = 8057E8DD1F837AB6003DF83E /* Build configuration list for PBXProject "MacMetaphysics" */;
			compatibilityVersion = "Xcode 3.2";
			developmentRegion = English;
			hasScannedForEncodings = 0;
			knownRegions = (
				en,
				Base,
			);
			mainGroup = 8057E8D91F837AB6003DF83E;
			productRefGroup = 8057E8E31F837AB6003DF83E /* Products */;
			projectDirPath = "";
			projectRoot = "";
			targets = (
				8057E8E11F837AB6003DF83E /* MacMetaphysics */,
				8057E8F71F837AB6003DF83E /* MacMetaphysicsTests */,
			);
		};
/* End PBXProject section */

/* Begin PBXResourcesBuildPhase section */
		8057E8E01F837AB6003DF83E /* Resources */ = {
			isa = PBXResourcesBuildPhase;
			buildActionMask = 2147483647;
			files = (
				8057E8EF1F837AB6003DF83E /* Assets.xcassets in Resources */,
				809896B51F852F37008ECA77 /* MainWindowViewController.xib in Resources */,
				80B084181F86817200449443 /* LeftCollectionViewCell.xib in Resources */,
				8057E8F21F837AB6003DF83E /* Main.storyboard in Resources */,
				8090BF891F8E6D6F00F0EB80 /* TopContentViewController.xib in Resources */,
				803995351F88828000FABF46 /* TopContentView.xib in Resources */,
				809896BA1F852F64008ECA77 /* MainViewController.xib in Resources */,
			);
			runOnlyForDeploymentPostprocessing = 0;
		};
		8057E8F61F837AB6003DF83E /* Resources */ = {
			isa = PBXResourcesBuildPhase;
			buildActionMask = 2147483647;
			files = (
			);
			runOnlyForDeploymentPostprocessing = 0;
		};
/* End PBXResourcesBuildPhase section */

/* Begin PBXShellScriptBuildPhase section */
		0A8E36ADDA4344702995C333 /* [CP] Check Pods Manifest.lock */ = {
			isa = PBXShellScriptBuildPhase;
			buildActionMask = 2147483647;
			files = (
			);
			inputPaths = (
			);
			name = "[CP] Check Pods Manifest.lock";
			outputPaths = (
			);
			runOnlyForDeploymentPostprocessing = 0;
			shellPath = /bin/sh;
			shellScript = "diff \"${PODS_ROOT}/../Podfile.lock\" \"${PODS_ROOT}/Manifest.lock\" > /dev/null\nif [ $? != 0 ] ; then\n    # print error to STDERR\n    echo \"error: The sandbox is not in sync with the Podfile.lock. Run 'pod install' or update your CocoaPods installation.\" >&2\n    exit 1\nfi\n";
			showEnvVarsInLog = 0;
		};
		D41B3ADB37FDE2930FFB0DFB /* [CP] Embed Pods Frameworks */ = {
			isa = PBXShellScriptBuildPhase;
			buildActionMask = 2147483647;
			files = (
			);
			inputPaths = (
			);
			name = "[CP] Embed Pods Frameworks";
			outputPaths = (
			);
			runOnlyForDeploymentPostprocessing = 0;
			shellPath = /bin/sh;
			shellScript = "\"${SRCROOT}/Pods/Target Support Files/Pods-MacMetaphysics/Pods-MacMetaphysics-frameworks.sh\"\n";
			showEnvVarsInLog = 0;
		};
		D71C13D557E60F8DC8CB656A /* [CP] Copy Pods Resources */ = {
			isa = PBXShellScriptBuildPhase;
			buildActionMask = 2147483647;
			files = (
			);
			inputPaths = (
			);
			name = "[CP] Copy Pods Resources";
			outputPaths = (
			);
			runOnlyForDeploymentPostprocessing = 0;
			shellPath = /bin/sh;
			shellScript = "\"${SRCROOT}/Pods/Target Support Files/Pods-MacMetaphysics/Pods-MacMetaphysics-resources.sh\"\n";
			showEnvVarsInLog = 0;
		};
/* End PBXShellScriptBuildPhase section */

/* Begin PBXSourcesBuildPhase section */
		8057E8DE1F837AB6003DF83E /* Sources */ = {
			isa = PBXSourcesBuildPhase;
			buildActionMask = 2147483647;
			files = (
				809896C51F853495008ECA77 /* BasicViewModel.m in Sources */,
				803995331F88825200FABF46 /* TopContentView.m in Sources */,
				809896B41F852F37008ECA77 /* MainWindowViewController.m in Sources */,
				8007F4571F85BF2500198017 /* MainViewModel.m in Sources */,
				8057E8EA1F837AB6003DF83E /* main.m in Sources */,
				809896B91F852F64008ECA77 /* MainViewController.m in Sources */,
				8090BF881F8E6D6F00F0EB80 /* TopContentViewController.m in Sources */,
				80B084121F8641D700449443 /* MainViewController+CollectionView.m in Sources */,
				80FA9D2C1F87816A0027B67A /* MainViewModel+LeftMenu.m in Sources */,
				80B084171F86817200449443 /* LeftCollectionViewCell.m in Sources */,
				809896B01F852E51008ECA77 /* AppDelegate.m in Sources */,
				809896C11F853474008ECA77 /* BasicViewController.m in Sources */,
			);
			runOnlyForDeploymentPostprocessing = 0;
		};
		8057E8F41F837AB6003DF83E /* Sources */ = {
			isa = PBXSourcesBuildPhase;
			buildActionMask = 2147483647;
			files = (
				8057E8FD1F837AB6003DF83E /* MacMetaphysicsTests.m in Sources */,
			);
			runOnlyForDeploymentPostprocessing = 0;
		};
/* End PBXSourcesBuildPhase section */

/* Begin PBXTargetDependency section */
		8057E8FA1F837AB6003DF83E /* PBXTargetDependency */ = {
			isa = PBXTargetDependency;
			target = 8057E8E11F837AB6003DF83E /* MacMetaphysics */;
			targetProxy = 8057E8F91F837AB6003DF83E /* PBXContainerItemProxy */;
		};
/* End PBXTargetDependency section */

/* Begin PBXVariantGroup section */
		8057E8F01F837AB6003DF83E /* Main.storyboard */ = {
			isa = PBXVariantGroup;
			children = (
				8057E8F11F837AB6003DF83E /* Base */,
			);
			name = Main.storyboard;
			sourceTree = "<group>";
		};
/* End PBXVariantGroup section */

/* Begin XCBuildConfiguration section */
		8057E8FF1F837AB6003DF83E /* Debug */ = {
			isa = XCBuildConfiguration;
			buildSettings = {
				ALWAYS_SEARCH_USER_PATHS = NO;
				CLANG_ANALYZER_NONNULL = YES;
				CLANG_ANALYZER_NUMBER_OBJECT_CONVERSION = YES_AGGRESSIVE;
				CLANG_CXX_LANGUAGE_STANDARD = "gnu++0x";
				CLANG_CXX_LIBRARY = "libc++";
				CLANG_ENABLE_MODULES = YES;
				CLANG_ENABLE_OBJC_ARC = YES;
				CLANG_WARN_BOOL_CONVERSION = YES;
				CLANG_WARN_CONSTANT_CONVERSION = YES;
				CLANG_WARN_DIRECT_OBJC_ISA_USAGE = YES_ERROR;
				CLANG_WARN_DOCUMENTATION_COMMENTS = YES;
				CLANG_WARN_EMPTY_BODY = YES;
				CLANG_WARN_ENUM_CONVERSION = YES;
				CLANG_WARN_INFINITE_RECURSION = YES;
				CLANG_WARN_INT_CONVERSION = YES;
				CLANG_WARN_OBJC_ROOT_CLASS = YES_ERROR;
				CLANG_WARN_SUSPICIOUS_MOVE = YES;
				CLANG_WARN_UNREACHABLE_CODE = YES;
				CLANG_WARN__DUPLICATE_METHOD_MATCH = YES;
				CODE_SIGN_IDENTITY = "-";
				COPY_PHASE_STRIP = NO;
				DEBUG_INFORMATION_FORMAT = dwarf;
				ENABLE_STRICT_OBJC_MSGSEND = YES;
				ENABLE_TESTABILITY = YES;
				GCC_C_LANGUAGE_STANDARD = gnu99;
				GCC_DYNAMIC_NO_PIC = NO;
				GCC_NO_COMMON_BLOCKS = YES;
				GCC_OPTIMIZATION_LEVEL = 0;
				GCC_PREPROCESSOR_DEFINITIONS = (
					"DEBUG=1",
					"$(inherited)",
				);
				GCC_WARN_64_TO_32_BIT_CONVERSION = YES;
				GCC_WARN_ABOUT_RETURN_TYPE = YES_ERROR;
				GCC_WARN_UNDECLARED_SELECTOR = YES;
				GCC_WARN_UNINITIALIZED_AUTOS = YES_AGGRESSIVE;
				GCC_WARN_UNUSED_FUNCTION = YES;
				GCC_WARN_UNUSED_VARIABLE = YES;
				MACOSX_DEPLOYMENT_TARGET = 10.12;
				MTL_ENABLE_DEBUG_INFO = YES;
				ONLY_ACTIVE_ARCH = YES;
				SDKROOT = macosx;
			};
			name = Debug;
		};
		8057E9001F837AB6003DF83E /* Release */ = {
			isa = XCBuildConfiguration;
			buildSettings = {
				ALWAYS_SEARCH_USER_PATHS = NO;
				CLANG_ANALYZER_NONNULL = YES;
				CLANG_ANALYZER_NUMBER_OBJECT_CONVERSION = YES_AGGRESSIVE;
				CLANG_CXX_LANGUAGE_STANDARD = "gnu++0x";
				CLANG_CXX_LIBRARY = "libc++";
				CLANG_ENABLE_MODULES = YES;
				CLANG_ENABLE_OBJC_ARC = YES;
				CLANG_WARN_BOOL_CONVERSION = YES;
				CLANG_WARN_CONSTANT_CONVERSION = YES;
				CLANG_WARN_DIRECT_OBJC_ISA_USAGE = YES_ERROR;
				CLANG_WARN_DOCUMENTATION_COMMENTS = YES;
				CLANG_WARN_EMPTY_BODY = YES;
				CLANG_WARN_ENUM_CONVERSION = YES;
				CLANG_WARN_INFINITE_RECURSION = YES;
				CLANG_WARN_INT_CONVERSION = YES;
				CLANG_WARN_OBJC_ROOT_CLASS = YES_ERROR;
				CLANG_WARN_SUSPICIOUS_MOVE = YES;
				CLANG_WARN_UNREACHABLE_CODE = YES;
				CLANG_WARN__DUPLICATE_METHOD_MATCH = YES;
				CODE_SIGN_IDENTITY = "-";
				COPY_PHASE_STRIP = NO;
				DEBUG_INFORMATION_FORMAT = "dwarf-with-dsym";
				ENABLE_NS_ASSERTIONS = NO;
				ENABLE_STRICT_OBJC_MSGSEND = YES;
				GCC_C_LANGUAGE_STANDARD = gnu99;
				GCC_NO_COMMON_BLOCKS = YES;
				GCC_WARN_64_TO_32_BIT_CONVERSION = YES;
				GCC_WARN_ABOUT_RETURN_TYPE = YES_ERROR;
				GCC_WARN_UNDECLARED_SELECTOR = YES;
				GCC_WARN_UNINITIALIZED_AUTOS = YES_AGGRESSIVE;
				GCC_WARN_UNUSED_FUNCTION = YES;
				GCC_WARN_UNUSED_VARIABLE = YES;
				MACOSX_DEPLOYMENT_TARGET = 10.12;
				MTL_ENABLE_DEBUG_INFO = NO;
				SDKROOT = macosx;
			};
			name = Release;
		};
		8057E9021F837AB6003DF83E /* Debug */ = {
			isa = XCBuildConfiguration;
			baseConfigurationReference = 9B3071BE0CEAC92C92C5AA33 /* Pods-MacMetaphysics.debug.xcconfig */;
			buildSettings = {
				ASSETCATALOG_COMPILER_APPICON_NAME = AppIcon;
				CLANG_ENABLE_MODULES = YES;
				CLANG_ENABLE_OBJC_WEAK = NO;
				COMBINE_HIDPI_IMAGES = YES;
				DEVELOPMENT_TEAM = 4ZFX22UBQA;
				GCC_PREFIX_HEADER = "$(SRCROOT)/MACMetaphysics/PrefixHeader.pch";
				INFOPLIST_FILE = MacMetaphysics/Info.plist;
				LD_RUNPATH_SEARCH_PATHS = "$(inherited) @executable_path/../Frameworks";
				MACOSX_DEPLOYMENT_TARGET = 10.10;
				OTHER_LDFLAGS = (
					"$(inherited)",
					"-framework",
					"\"Masonry\"",
				);
				PRODUCT_BUNDLE_IDENTIFIER = net.distribution.app.MacMetaphysics;
				PRODUCT_NAME = "$(TARGET_NAME)";
			};
			name = Debug;
		};
		8057E9031F837AB6003DF83E /* Release */ = {
			isa = XCBuildConfiguration;
			baseConfigurationReference = 210F757C243FFA089308FD41 /* Pods-MacMetaphysics.release.xcconfig */;
			buildSettings = {
				ASSETCATALOG_COMPILER_APPICON_NAME = AppIcon;
				CLANG_ENABLE_MODULES = YES;
				CLANG_ENABLE_OBJC_WEAK = NO;
				COMBINE_HIDPI_IMAGES = YES;
				DEVELOPMENT_TEAM = 4ZFX22UBQA;
				GCC_PREFIX_HEADER = "$(SRCROOT)/MACMetaphysics/PrefixHeader.pch";
				INFOPLIST_FILE = MacMetaphysics/Info.plist;
				LD_RUNPATH_SEARCH_PATHS = "$(inherited) @executable_path/../Frameworks";
				MACOSX_DEPLOYMENT_TARGET = 10.10;
				OTHER_LDFLAGS = (
					"$(inherited)",
					"-framework",
					"\"Masonry\"",
				);
				PRODUCT_BUNDLE_IDENTIFIER = net.distribution.app.MacMetaphysics;
				PRODUCT_NAME = "$(TARGET_NAME)";
			};
			name = Release;
		};
		8057E9051F837AB6003DF83E /* Debug */ = {
			isa = XCBuildConfiguration;
			buildSettings = {
				BUNDLE_LOADER = "$(TEST_HOST)";
				COMBINE_HIDPI_IMAGES = YES;
				DEVELOPMENT_TEAM = 4ZFX22UBQA;
				INFOPLIST_FILE = MacMetaphysicsTests/Info.plist;
				LD_RUNPATH_SEARCH_PATHS = "$(inherited) @executable_path/../Frameworks @loader_path/../Frameworks";
				PRODUCT_BUNDLE_IDENTIFIER = net.distribution.app.MacMetaphysicsTests;
				PRODUCT_NAME = "$(TARGET_NAME)";
				TEST_HOST = "$(BUILT_PRODUCTS_DIR)/MacMetaphysics.app/Contents/MacOS/MacMetaphysics";
			};
			name = Debug;
		};
		8057E9061F837AB6003DF83E /* Release */ = {
			isa = XCBuildConfiguration;
			buildSettings = {
				BUNDLE_LOADER = "$(TEST_HOST)";
				COMBINE_HIDPI_IMAGES = YES;
				DEVELOPMENT_TEAM = 4ZFX22UBQA;
				INFOPLIST_FILE = MacMetaphysicsTests/Info.plist;
				LD_RUNPATH_SEARCH_PATHS = "$(inherited) @executable_path/../Frameworks @loader_path/../Frameworks";
				PRODUCT_BUNDLE_IDENTIFIER = net.distribution.app.MacMetaphysicsTests;
				PRODUCT_NAME = "$(TARGET_NAME)";
				TEST_HOST = "$(BUILT_PRODUCTS_DIR)/MacMetaphysics.app/Contents/MacOS/MacMetaphysics";
			};
			name = Release;
		};
/* End XCBuildConfiguration section */

/* Begin XCConfigurationList section */
		8057E8DD1F837AB6003DF83E /* Build configuration list for PBXProject "MacMetaphysics" */ = {
			isa = XCConfigurationList;
			buildConfigurations = (
				8057E8FF1F837AB6003DF83E /* Debug */,
				8057E9001F837AB6003DF83E /* Release */,
			);
			defaultConfigurationIsVisible = 0;
			defaultConfigurationName = Release;
		};
		8057E9011F837AB6003DF83E /* Build configuration list for PBXNativeTarget "MacMetaphysics" */ = {
			isa = XCConfigurationList;
			buildConfigurations = (
				8057E9021F837AB6003DF83E /* Debug */,
				8057E9031F837AB6003DF83E /* Release */,
			);
			defaultConfigurationIsVisible = 0;
			defaultConfigurationName = Release;
		};
		8057E9041F837AB6003DF83E /* Build configuration list for PBXNativeTarget "MacMetaphysicsTests" */ = {
			isa = XCConfigurationList;
			buildConfigurations = (
				8057E9051F837AB6003DF83E /* Debug */,
				8057E9061F837AB6003DF83E /* Release */,
			);
			defaultConfigurationIsVisible = 0;
			defaultConfigurationName = Release;
		};
/* End XCConfigurationList section */
	};
	rootObject = 8057E8DA1F837AB6003DF83E /* Project object */;
}
